
Microsoft Visual Studio Solution File, Format Version 12.00
# Visual Studio 2013
VisualStudioVersion = 12.0.40629.0
MinimumVisualStudioVersion = 10.0.40219.1
Project("{FAE04EC0-301F-11D3-BF4B-00C04F79EFBC}") = "ShareOnSocial", "ShareOnSocial\ShareOnSocial.csproj", "{4D9BFEE1-2B88-49F6-9995-E63AE3511805}"
EndProject
Project("{FAE04EC0-301F-11D3-BF4B-00C04F79EFBC}") = "ShareOnSocialsLib", "ShareOnSocialsLib\ShareOnSocialsLib.csproj", "{F38E7C91-0E60-4CE5-89D0-9D6C5B7B7E6A}"
EndProject
Project("{FAE04EC0-301F-11D3-BF4B-00C04F79EFBC}") = "ShareOnSocialsLib.UnitTests", "ShareOnSocialsLib.UnitTests\ShareOnSocialsLib.UnitTests.csproj", "{2F8EA4C0-BCDF-4E2E-892E-15D9EAF139F8}"
EndProject
Global
	GlobalSection(SolutionConfigurationPlatforms) = preSolution
		Debug|Any CPU = Debug|Any CPU
		Release|Any CPU = Release|Any CPU
	EndGlobalSection
	GlobalSection(ProjectConfigurationPlatforms) = postSolution
		{4D9BFEE1-2B88-49F6-9995-E63AE3511805}.Debug|Any CPU.ActiveCfg = Debug|Any CPU
		{4D9BFEE1-2B88-49F6-9995-E63AE3511805}.Debug|Any CPU.Build.0 = Debug|Any CPU
		{4D9BFEE1-2B88-49F6-9995-E63AE3511805}.Release|Any CPU.ActiveCfg = Release|Any CPU
		{4D9BFEE1-2B88-49F6-9995-E63AE3511805}.Release|Any CPU.Build.0 = Release|Any CPU
		{F38E7C91-0E60-4CE5-89D0-9D6C5B7B7E6A}.Debug|Any CPU.ActiveCfg = Debug|Any CPU
		{F38E7C91-0E60-4CE5-89D0-9D6C5B7B7E6A}.Debug|Any CPU.Build.0 = Debug|Any CPU
		{F38E7C91-0E60-4CE5-89D0-9D6C5B7B7E6A}.Release|Any CPU.ActiveCfg = Release|Any CPU
		{F38E7C91-0E60-4CE5-89D0-9D6C5B7B7E6A}.Release|Any CPU.Build.0 = Release|Any CPU
		{2F8EA4C0-BCDF-4E2E-892E-15D9EAF139F8}.Debug|Any CPU.ActiveCfg = Debug|Any CPU
		{2F8EA4C0-BCDF-4E2E-892E-15D9EAF139F8}.Debug|Any CPU.Build.0 = Debug|Any CPU
		{2F8EA4C0-BCDF-4E2E-892E-15D9EAF139F8}.Release|Any CPU.ActiveCfg = Release|Any CPU
		{2F8EA4C0-BCDF-4E2E-892E-15D9EAF139F8}.Release|Any CPU.Build.0 = Release|Any CPU
	EndGlobalSection
	GlobalSection(SolutionProperties) = preSolution
		HideSolutionNode = FALSE
	EndGlobalSection
EndGlobal
